// !$*UTF8*$!
{
	archiveVersion = 1;
	classes = {
	};
	objectVersion = 46;
	objects = {

/* Begin PBXBuildFile section */
		395DED7C1ED28F8100B1736D /* YSRootVC.m in Sources */ = {isa = PBXBuildFile; fileRef = 395DED7B1ED28F8100B1736D /* YSRootVC.m */; };
		397D20111ECD9C8000920A72 /* main.m in Sources */ = {isa = PBXBuildFile; fileRef = 397D20101ECD9C8000920A72 /* main.m */; };
		397D20141ECD9C8000920A72 /* AppDelegate.m in Sources */ = {isa = PBXBuildFile; fileRef = 397D20131ECD9C8000920A72 /* AppDelegate.m */; };
		397D201A1ECD9C8000920A72 /* Main.storyboard in Resources */ = {isa = PBXBuildFile; fileRef = 397D20181ECD9C8000920A72 /* Main.storyboard */; };
		397D201C1ECD9C8000920A72 /* Assets.xcassets in Resources */ = {isa = PBXBuildFile; fileRef = 397D201B1ECD9C8000920A72 /* Assets.xcassets */; };
		397D201F1ECD9C8000920A72 /* LaunchScreen.storyboard in Resources */ = {isa = PBXBuildFile; fileRef = 397D201D1ECD9C8000920A72 /* LaunchScreen.storyboard */; };
		398BF44D1ED2B63E0099BB2C /* YSFirstPageVC.m in Sources */ = {isa = PBXBuildFile; fileRef = 398BF44C1ED2B63E0099BB2C /* YSFirstPageVC.m */; };
		39930D5E1ED41BCF00FD7C36 /* YSFirstPageTableViewCell.m in Sources */ = {isa = PBXBuildFile; fileRef = 39930D5D1ED41BCF00FD7C36 /* YSFirstPageTableViewCell.m */; };
		39930D631ED4200700FD7C36 /* InfoPlist.strings in Resources */ = {isa = PBXBuildFile; fileRef = 39930D651ED4200700FD7C36 /* InfoPlist.strings */; };
		39930D691ED4213100FD7C36 /* Localizable.strings in Resources */ = {isa = PBXBuildFile; fileRef = 39930D6B1ED4213100FD7C36 /* Localizable.strings */; };
		39930D701ED423B700FD7C36 /* YSLocalizableTool.m in Sources */ = {isa = PBXBuildFile; fileRef = 39930D6F1ED423B700FD7C36 /* YSLocalizableTool.m */; };
		39930DA01ED4334700FD7C36 /* YSLightBlue.bundle in Resources */ = {isa = PBXBuildFile; fileRef = 39930D9F1ED4334700FD7C36 /* YSLightBlue.bundle */; };
		39930DA41ED4370E00FD7C36 /* YSPeripheralModel.m in Sources */ = {isa = PBXBuildFile; fileRef = 39930DA31ED4370E00FD7C36 /* YSPeripheralModel.m */; };
		39930DA81ED437FE00FD7C36 /* NSString+YSStringDo.m in Sources */ = {isa = PBXBuildFile; fileRef = 39930DA71ED437FE00FD7C36 /* NSString+YSStringDo.m */; };
		C7E20488D265A0424E4C9393 /* libPods-YS_LightBlue.a in Frameworks */ = {isa = PBXBuildFile; fileRef = BBF691C10B76B7B7F1514F4A /* libPods-YS_LightBlue.a */; };
/* End PBXBuildFile section */

/* Begin PBXFileReference section */
		054C1826680BCC1F17BEBAA4 /* Pods-YS_LightBlue.release.xcconfig */ = {isa = PBXFileReference; includeInIndex = 1; lastKnownFileType = text.xcconfig; name = "Pods-YS_LightBlue.release.xcconfig"; path = "Pods/Target Support Files/Pods-YS_LightBlue/Pods-YS_LightBlue.release.xcconfig"; sourceTree = "<group>"; };
		395DED7A1ED28F8100B1736D /* YSRootVC.h */ = {isa = PBXFileReference; fileEncoding = 4; lastKnownFileType = sourcecode.c.h; path = YSRootVC.h; sourceTree = "<group>"; };
		395DED7B1ED28F8100B1736D /* YSRootVC.m */ = {isa = PBXFileReference; fileEncoding = 4; lastKnownFileType = sourcecode.c.objc; path = YSRootVC.m; sourceTree = "<group>"; };
		397D200C1ECD9C8000920A72 /* YS_LightBlue.app */ = {isa = PBXFileReference; explicitFileType = wrapper.application; includeInIndex = 0; path = YS_LightBlue.app; sourceTree = BUILT_PRODUCTS_DIR; };
		397D20101ECD9C8000920A72 /* main.m */ = {isa = PBXFileReference; lastKnownFileType = sourcecode.c.objc; path = main.m; sourceTree = "<group>"; };
		397D20121ECD9C8000920A72 /* AppDelegate.h */ = {isa = PBXFileReference; lastKnownFileType = sourcecode.c.h; name = AppDelegate.h; path = ../../AppDelegate.h; sourceTree = "<group>"; };
		397D20131ECD9C8000920A72 /* AppDelegate.m */ = {isa = PBXFileReference; lastKnownFileType = sourcecode.c.objc; name = AppDelegate.m; path = ../../AppDelegate.m; sourceTree = "<group>"; };
		397D20191ECD9C8000920A72 /* Base */ = {isa = PBXFileReference; lastKnownFileType = file.storyboard; name = Base; path = Base.lproj/Main.storyboard; sourceTree = "<group>"; };
		397D201B1ECD9C8000920A72 /* Assets.xcassets */ = {isa = PBXFileReference; lastKnownFileType = folder.assetcatalog; path = Assets.xcassets; sourceTree = "<group>"; };
		397D201E1ECD9C8000920A72 /* Base */ = {isa = PBXFileReference; lastKnownFileType = file.storyboard; name = Base; path = Base.lproj/LaunchScreen.storyboard; sourceTree = "<group>"; };
		397D20201ECD9C8000920A72 /* Info.plist */ = {isa = PBXFileReference; lastKnownFileType = text.plist.xml; path = Info.plist; sourceTree = "<group>"; };
		398BF4481ED2B3860099BB2C /* YSGlobalInfo.h */ = {isa = PBXFileReference; fileEncoding = 4; lastKnownFileType = sourcecode.c.h; path = YSGlobalInfo.h; sourceTree = "<group>"; };
		398BF4491ED2B45F0099BB2C /* YS_LightBluePCH.pch */ = {isa = PBXFileReference; fileEncoding = 4; lastKnownFileType = sourcecode.c.h; path = YS_LightBluePCH.pch; sourceTree = "<group>"; };
		398BF44B1ED2B63E0099BB2C /* YSFirstPageVC.h */ = {isa = PBXFileReference; fileEncoding = 4; lastKnownFileType = sourcecode.c.h; path = YSFirstPageVC.h; sourceTree = "<group>"; };
		398BF44C1ED2B63E0099BB2C /* YSFirstPageVC.m */ = {isa = PBXFileReference; fileEncoding = 4; lastKnownFileType = sourcecode.c.objc; path = YSFirstPageVC.m; sourceTree = "<group>"; };
		39930D5C1ED41BCF00FD7C36 /* YSFirstPageTableViewCell.h */ = {isa = PBXFileReference; fileEncoding = 4; lastKnownFileType = sourcecode.c.h; path = YSFirstPageTableViewCell.h; sourceTree = "<group>"; };
		39930D5D1ED41BCF00FD7C36 /* YSFirstPageTableViewCell.m */ = {isa = PBXFileReference; fileEncoding = 4; lastKnownFileType = sourcecode.c.objc; path = YSFirstPageTableViewCell.m; sourceTree = "<group>"; };
		39930D5F1ED41ED800FD7C36 /* zh-Hans */ = {isa = PBXFileReference; lastKnownFileType = text.plist.strings; name = "zh-Hans"; path = "zh-Hans.lproj/Main.strings"; sourceTree = "<group>"; };
		39930D601ED41ED800FD7C36 /* zh-Hans */ = {isa = PBXFileReference; lastKnownFileType = text.plist.strings; name = "zh-Hans"; path = "zh-Hans.lproj/LaunchScreen.strings"; sourceTree = "<group>"; };
		39930D641ED4200700FD7C36 /* zh-Hans */ = {isa = PBXFileReference; lastKnownFileType = text.plist.strings; name = "zh-Hans"; path = "zh-Hans.lproj/InfoPlist.strings"; sourceTree = "<group>"; };
		39930D661ED4201300FD7C36 /* en */ = {isa = PBXFileReference; lastKnownFileType = text.plist.strings; name = en; path = en.lproj/InfoPlist.strings; sourceTree = "<group>"; };
		39930D6A1ED4213100FD7C36 /* en */ = {isa = PBXFileReference; lastKnownFileType = text.plist.strings; name = en; path = en.lproj/Localizable.strings; sourceTree = "<group>"; };
		39930D6C1ED4213200FD7C36 /* zh-Hans */ = {isa = PBXFileReference; lastKnownFileType = text.plist.strings; name = "zh-Hans"; path = "zh-Hans.lproj/Localizable.strings"; sourceTree = "<group>"; };
		39930D6E1ED423B700FD7C36 /* YSLocalizableTool.h */ = {isa = PBXFileReference; fileEncoding = 4; lastKnownFileType = sourcecode.c.h; path = YSLocalizableTool.h; sourceTree = "<group>"; };
		39930D6F1ED423B700FD7C36 /* YSLocalizableTool.m */ = {isa = PBXFileReference; fileEncoding = 4; lastKnownFileType = sourcecode.c.objc; path = YSLocalizableTool.m; sourceTree = "<group>"; };
		39930D9F1ED4334700FD7C36 /* YSLightBlue.bundle */ = {isa = PBXFileReference; lastKnownFileType = "wrapper.plug-in"; path = YSLightBlue.bundle; sourceTree = "<group>"; };
		39930DA11ED434F800FD7C36 /* YSGlobalSetting.h */ = {isa = PBXFileReference; fileEncoding = 4; lastKnownFileType = sourcecode.c.h; path = YSGlobalSetting.h; sourceTree = "<group>"; };
		39930DA21ED4370E00FD7C36 /* YSPeripheralModel.h */ = {isa = PBXFileReference; fileEncoding = 4; lastKnownFileType = sourcecode.c.h; path = YSPeripheralModel.h; sourceTree = "<group>"; };
		39930DA31ED4370E00FD7C36 /* YSPeripheralModel.m */ = {isa = PBXFileReference; fileEncoding = 4; lastKnownFileType = sourcecode.c.objc; path = YSPeripheralModel.m; sourceTree = "<group>"; };
		39930DA61ED437FE00FD7C36 /* NSString+YSStringDo.h */ = {isa = PBXFileReference; fileEncoding = 4; lastKnownFileType = sourcecode.c.h; path = "NSString+YSStringDo.h"; sourceTree = "<group>"; };
		39930DA71ED437FE00FD7C36 /* NSString+YSStringDo.m */ = {isa = PBXFileReference; fileEncoding = 4; lastKnownFileType = sourcecode.c.objc; path = "NSString+YSStringDo.m"; sourceTree = "<group>"; };
		BBF691C10B76B7B7F1514F4A /* libPods-YS_LightBlue.a */ = {isa = PBXFileReference; explicitFileType = archive.ar; includeInIndex = 0; path = "libPods-YS_LightBlue.a"; sourceTree = BUILT_PRODUCTS_DIR; };
		FBD1A09355094611714B86C9 /* Pods-YS_LightBlue.debug.xcconfig */ = {isa = PBXFileReference; includeInIndex = 1; lastKnownFileType = text.xcconfig; name = "Pods-YS_LightBlue.debug.xcconfig"; path = "Pods/Target Support Files/Pods-YS_LightBlue/Pods-YS_LightBlue.debug.xcconfig"; sourceTree = "<group>"; };
/* End PBXFileReference section */

/* Begin PBXFrameworksBuildPhase section */
		397D20091ECD9C8000920A72 /* Frameworks */ = {
			isa = PBXFrameworksBuildPhase;
			buildActionMask = 2147483647;
			files = (
				C7E20488D265A0424E4C9393 /* libPods-YS_LightBlue.a in Frameworks */,
			);
			runOnlyForDeploymentPostprocessing = 0;
		};
/* End PBXFrameworksBuildPhase section */

/* Begin PBXGroup section */
		0D6E370174558560A386706E /* Frameworks */ = {
			isa = PBXGroup;
			children = (
				BBF691C10B76B7B7F1514F4A /* libPods-YS_LightBlue.a */,
			);
			name = Frameworks;
			sourceTree = "<group>";
		};
		395DED6D1ED28F4A00B1736D /* YS_Class */ = {
			isa = PBXGroup;
			children = (
				395DED6E1ED28F4A00B1736D /* Item */,
				395DED6F1ED28F4A00B1736D /* Main */,
				395DED701ED28F4A00B1736D /* Model */,
			);
			path = YS_Class;
			sourceTree = "<group>";
		};
		395DED6E1ED28F4A00B1736D /* Item */ = {
			isa = PBXGroup;
			children = (
				398BF44A1ED2B61D0099BB2C /* FirstPage */,
			);
			path = Item;
			sourceTree = "<group>";
		};
		395DED6F1ED28F4A00B1736D /* Main */ = {
			isa = PBXGroup;
			children = (
				397D20121ECD9C8000920A72 /* AppDelegate.h */,
				397D20131ECD9C8000920A72 /* AppDelegate.m */,
				395DED7A1ED28F8100B1736D /* YSRootVC.h */,
				395DED7B1ED28F8100B1736D /* YSRootVC.m */,
			);
			path = Main;
			sourceTree = "<group>";
		};
		395DED701ED28F4A00B1736D /* Model */ = {
			isa = PBXGroup;
			children = (
				39930DA21ED4370E00FD7C36 /* YSPeripheralModel.h */,
				39930DA31ED4370E00FD7C36 /* YSPeripheralModel.m */,
			);
			path = Model;
			sourceTree = "<group>";
		};
		395DED711ED28F4A00B1736D /* YS_Common */ = {
			isa = PBXGroup;
			children = (
				395DED721ED28F4A00B1736D /* YS_Category */,
				395DED731ED28F4A00B1736D /* YS_Lib */,
				395DED741ED28F4A00B1736D /* YS_SupportFile */,
				395DED751ED28F4A00B1736D /* YS_Tool */,
			);
			path = YS_Common;
			sourceTree = "<group>";
		};
		395DED721ED28F4A00B1736D /* YS_Category */ = {
			isa = PBXGroup;
			children = (
				39930DA51ED437FE00FD7C36 /* NSString */,
			);
			path = YS_Category;
			sourceTree = "<group>";
		};
		395DED731ED28F4A00B1736D /* YS_Lib */ = {
			isa = PBXGroup;
			children = (
			);
			path = YS_Lib;
			sourceTree = "<group>";
		};
		395DED741ED28F4A00B1736D /* YS_SupportFile */ = {
			isa = PBXGroup;
			children = (
				39930D9F1ED4334700FD7C36 /* YSLightBlue.bundle */,
				398BF4481ED2B3860099BB2C /* YSGlobalInfo.h */,
				39930DA11ED434F800FD7C36 /* YSGlobalSetting.h */,
				398BF4491ED2B45F0099BB2C /* YS_LightBluePCH.pch */,
			);
			path = YS_SupportFile;
			sourceTree = "<group>";
		};
		395DED751ED28F4A00B1736D /* YS_Tool */ = {
			isa = PBXGroup;
			children = (
				39930D6D1ED4239300FD7C36 /* YSLocalizable */,
			);
			path = YS_Tool;
			sourceTree = "<group>";
		};
		395DED761ED28F4A00B1736D /* YS_Resource */ = {
			isa = PBXGroup;
			children = (
				395DED771ED28F4A00B1736D /* YS_Audio */,
				395DED781ED28F4A00B1736D /* YS_Image */,
				395DED791ED28F4A00B1736D /* YS_Video */,
			);
			path = YS_Resource;
			sourceTree = "<group>";
		};
		395DED771ED28F4A00B1736D /* YS_Audio */ = {
			isa = PBXGroup;
			children = (
			);
			path = YS_Audio;
			sourceTree = "<group>";
		};
		395DED781ED28F4A00B1736D /* YS_Image */ = {
			isa = PBXGroup;
			children = (
			);
			path = YS_Image;
			sourceTree = "<group>";
		};
		395DED791ED28F4A00B1736D /* YS_Video */ = {
			isa = PBXGroup;
			children = (
			);
			path = YS_Video;
			sourceTree = "<group>";
		};
		397D20031ECD9C8000920A72 = {
			isa = PBXGroup;
			children = (
				397D200E1ECD9C8000920A72 /* YS_LightBlue */,
				397D200D1ECD9C8000920A72 /* Products */,
				7BE10895B9AD912FE757575C /* Pods */,
				0D6E370174558560A386706E /* Frameworks */,
			);
			sourceTree = "<group>";
		};
		397D200D1ECD9C8000920A72 /* Products */ = {
			isa = PBXGroup;
			children = (
				397D200C1ECD9C8000920A72 /* YS_LightBlue.app */,
			);
			name = Products;
			sourceTree = "<group>";
		};
		397D200E1ECD9C8000920A72 /* YS_LightBlue */ = {
			isa = PBXGroup;
			children = (
				395DED711ED28F4A00B1736D /* YS_Common */,
				395DED6D1ED28F4A00B1736D /* YS_Class */,
				395DED761ED28F4A00B1736D /* YS_Resource */,
				397D200F1ECD9C8000920A72 /* Supporting Files */,
			);
			path = YS_LightBlue;
			sourceTree = "<group>";
		};
		397D200F1ECD9C8000920A72 /* Supporting Files */ = {
			isa = PBXGroup;
			children = (
				397D20181ECD9C8000920A72 /* Main.storyboard */,
				397D201B1ECD9C8000920A72 /* Assets.xcassets */,
				397D201D1ECD9C8000920A72 /* LaunchScreen.storyboard */,
				397D20201ECD9C8000920A72 /* Info.plist */,
				397D20101ECD9C8000920A72 /* main.m */,
				39930D651ED4200700FD7C36 /* InfoPlist.strings */,
				39930D6B1ED4213100FD7C36 /* Localizable.strings */,
			);
			name = "Supporting Files";
			sourceTree = "<group>";
		};
		398BF44A1ED2B61D0099BB2C /* FirstPage */ = {
			isa = PBXGroup;
			children = (
				398BF44B1ED2B63E0099BB2C /* YSFirstPageVC.h */,
				398BF44C1ED2B63E0099BB2C /* YSFirstPageVC.m */,
				39930D5C1ED41BCF00FD7C36 /* YSFirstPageTableViewCell.h */,
				39930D5D1ED41BCF00FD7C36 /* YSFirstPageTableViewCell.m */,
			);
			name = FirstPage;
			sourceTree = "<group>";
		};
		39930D6D1ED4239300FD7C36 /* YSLocalizable */ = {
			isa = PBXGroup;
			children = (
				39930D6E1ED423B700FD7C36 /* YSLocalizableTool.h */,
				39930D6F1ED423B700FD7C36 /* YSLocalizableTool.m */,
			);
			path = YSLocalizable;
			sourceTree = "<group>";
		};
		39930DA51ED437FE00FD7C36 /* NSString */ = {
			isa = PBXGroup;
			children = (
				39930DA61ED437FE00FD7C36 /* NSString+YSStringDo.h */,
				39930DA71ED437FE00FD7C36 /* NSString+YSStringDo.m */,
			);
			path = NSString;
			sourceTree = "<group>";
		};
		7BE10895B9AD912FE757575C /* Pods */ = {
			isa = PBXGroup;
			children = (
				FBD1A09355094611714B86C9 /* Pods-YS_LightBlue.debug.xcconfig */,
				054C1826680BCC1F17BEBAA4 /* Pods-YS_LightBlue.release.xcconfig */,
			);
			name = Pods;
			sourceTree = "<group>";
		};
/* End PBXGroup section */

/* Begin PBXNativeTarget section */
		397D200B1ECD9C8000920A72 /* YS_LightBlue */ = {
			isa = PBXNativeTarget;
			buildConfigurationList = 397D20231ECD9C8000920A72 /* Build configuration list for PBXNativeTarget "YS_LightBlue" */;
			buildPhases = (
				3483074885AE9A390B74B8ED /* [CP] Check Pods Manifest.lock */,
				397D20081ECD9C8000920A72 /* Sources */,
				397D20091ECD9C8000920A72 /* Frameworks */,
				397D200A1ECD9C8000920A72 /* Resources */,
				A71108A4C07BB4C8250E95A6 /* [CP] Embed Pods Frameworks */,
				6FBDED638813810A2CA2697A /* [CP] Copy Pods Resources */,
			);
			buildRules = (
			);
			dependencies = (
			);
			name = YS_LightBlue;
			productName = YS_LightBlue;
			productReference = 397D200C1ECD9C8000920A72 /* YS_LightBlue.app */;
			productType = "com.apple.product-type.application";
		};
/* End PBXNativeTarget section */

/* Begin PBXProject section */
		397D20041ECD9C8000920A72 /* Project object */ = {
			isa = PBXProject;
			attributes = {
				LastUpgradeCheck = 0810;
				ORGANIZATIONNAME = YJ;
				TargetAttributes = {
					397D200B1ECD9C8000920A72 = {
						CreatedOnToolsVersion = 8.1;
						DevelopmentTeam = MNH692X4AB;
						ProvisioningStyle = Automatic;
					};
				};
			};
			buildConfigurationList = 397D20071ECD9C8000920A72 /* Build configuration list for PBXProject "YS_LightBlue" */;
			compatibilityVersion = "Xcode 3.2";
			developmentRegion = English;
			hasScannedForEncodings = 0;
			knownRegions = (
				en,
				Base,
				"zh-Hans",
			);
			mainGroup = 397D20031ECD9C8000920A72;
			productRefGroup = 397D200D1ECD9C8000920A72 /* Products */;
			projectDirPath = "";
			projectRoot = "";
			targets = (
				397D200B1ECD9C8000920A72 /* YS_LightBlue */,
			);
		};
/* End PBXProject section */

/* Begin PBXResourcesBuildPhase section */
		397D200A1ECD9C8000920A72 /* Resources */ = {
			isa = PBXResourcesBuildPhase;
			buildActionMask = 2147483647;
			files = (
				39930D691ED4213100FD7C36 /* Localizable.strings in Resources */,
				397D201F1ECD9C8000920A72 /* LaunchScreen.storyboard in Resources */,
				39930D631ED4200700FD7C36 /* InfoPlist.strings in Resources */,
				397D201C1ECD9C8000920A72 /* Assets.xcassets in Resources */,
				39930DA01ED4334700FD7C36 /* YSLightBlue.bundle in Resources */,
				397D201A1ECD9C8000920A72 /* Main.storyboard in Resources */,
			);
			runOnlyForDeploymentPostprocessing = 0;
		};
/* End PBXResourcesBuildPhase section */

/* Begin PBXShellScriptBuildPhase section */
		3483074885AE9A390B74B8ED /* [CP] Check Pods Manifest.lock */ = {
			isa = PBXShellScriptBuildPhase;
			buildActionMask = 2147483647;
			files = (
			);
			inputPaths = (
			);
			name = "[CP] Check Pods Manifest.lock";
			outputPaths = (
			);
			runOnlyForDeploymentPostprocessing = 0;
			shellPath = /bin/sh;
			shellScript = "diff \"${PODS_ROOT}/../Podfile.lock\" \"${PODS_ROOT}/Manifest.lock\" > /dev/null\nif [ $? != 0 ] ; then\n    # print error to STDERR\n    echo \"error: The sandbox is not in sync with the Podfile.lock. Run 'pod install' or update your CocoaPods installation.\" >&2\n    exit 1\nfi\n";
			showEnvVarsInLog = 0;
		};
		6FBDED638813810A2CA2697A /* [CP] Copy Pods Resources */ = {
			isa = PBXShellScriptBuildPhase;
			buildActionMask = 2147483647;
			files = (
			);
			inputPaths = (
			);
			name = "[CP] Copy Pods Resources";
			outputPaths = (
			);
			runOnlyForDeploymentPostprocessing = 0;
			shellPath = /bin/sh;
			shellScript = "\"${SRCROOT}/Pods/Target Support Files/Pods-YS_LightBlue/Pods-YS_LightBlue-resources.sh\"\n";
			showEnvVarsInLog = 0;
		};
		A71108A4C07BB4C8250E95A6 /* [CP] Embed Pods Frameworks */ = {
			isa = PBXShellScriptBuildPhase;
			buildActionMask = 2147483647;
			files = (
			);
			inputPaths = (
			);
			name = "[CP] Embed Pods Frameworks";
			outputPaths = (
			);
			runOnlyForDeploymentPostprocessing = 0;
			shellPath = /bin/sh;
			shellScript = "\"${SRCROOT}/Pods/Target Support Files/Pods-YS_LightBlue/Pods-YS_LightBlue-frameworks.sh\"\n";
			showEnvVarsInLog = 0;
		};
/* End PBXShellScriptBuildPhase section */

/* Begin PBXSourcesBuildPhase section */
		397D20081ECD9C8000920A72 /* Sources */ = {
			isa = PBXSourcesBuildPhase;
			buildActionMask = 2147483647;
			files = (
				398BF44D1ED2B63E0099BB2C /* YSFirstPageVC.m in Sources */,
				39930DA81ED437FE00FD7C36 /* NSString+YSStringDo.m in Sources */,
				397D20141ECD9C8000920A72 /* AppDelegate.m in Sources */,
				39930DA41ED4370E00FD7C36 /* YSPeripheralModel.m in Sources */,
				39930D5E1ED41BCF00FD7C36 /* YSFirstPageTableViewCell.m in Sources */,
				395DED7C1ED28F8100B1736D /* YSRootVC.m in Sources */,
				397D20111ECD9C8000920A72 /* main.m in Sources */,
				39930D701ED423B700FD7C36 /* YSLocalizableTool.m in Sources */,
			);
			runOnlyForDeploymentPostprocessing = 0;
		};
/* End PBXSourcesBuildPhase section */

/* Begin PBXVariantGroup section */
		397D20181ECD9C8000920A72 /* Main.storyboard */ = {
			isa = PBXVariantGroup;
			children = (
				397D20191ECD9C8000920A72 /* Base */,
				39930D5F1ED41ED800FD7C36 /* zh-Hans */,
			);
			name = Main.storyboard;
			sourceTree = "<group>";
		};
		397D201D1ECD9C8000920A72 /* LaunchScreen.storyboard */ = {
			isa = PBXVariantGroup;
			children = (
				397D201E1ECD9C8000920A72 /* Base */,
				39930D601ED41ED800FD7C36 /* zh-Hans */,
			);
			name = LaunchScreen.storyboard;
			sourceTree = "<group>";
		};
		39930D651ED4200700FD7C36 /* InfoPlist.strings */ = {
			isa = PBXVariantGroup;
			children = (
				39930D641ED4200700FD7C36 /* zh-Hans */,
				39930D661ED4201300FD7C36 /* en */,
			);
			name = InfoPlist.strings;
			sourceTree = "<group>";
		};
		39930D6B1ED4213100FD7C36 /* Localizable.strings */ = {
			isa = PBXVariantGroup;
			children = (
				39930D6A1ED4213100FD7C36 /* en */,
				39930D6C1ED4213200FD7C36 /* zh-Hans */,
			);
			name = Localizable.strings;
			sourceTree = "<group>";
		};
/* End PBXVariantGroup section */

/* Begin XCBuildConfiguration section */
		397D20211ECD9C8000920A72 /* Debug */ = {
			isa = XCBuildConfiguration;
			buildSettings = {
				ALWAYS_SEARCH_USER_PATHS = NO;
				CLANG_ANALYZER_LOCALIZABILITY_NONLOCALIZED = YES;
				CLANG_ANALYZER_NONNULL = YES;
				CLANG_CXX_LANGUAGE_STANDARD = "gnu++0x";
				CLANG_CXX_LIBRARY = "libc++";
				CLANG_ENABLE_MODULES = YES;
				CLANG_ENABLE_OBJC_ARC = YES;
				CLANG_WARN_BOOL_CONVERSION = YES;
				CLANG_WARN_CONSTANT_CONVERSION = YES;
				CLANG_WARN_DIRECT_OBJC_ISA_USAGE = YES_ERROR;
				CLANG_WARN_DOCUMENTATION_COMMENTS = YES;
				CLANG_WARN_EMPTY_BODY = YES;
				CLANG_WARN_ENUM_CONVERSION = YES;
				CLANG_WARN_INFINITE_RECURSION = YES;
				CLANG_WARN_INT_CONVERSION = YES;
				CLANG_WARN_OBJC_ROOT_CLASS = YES_ERROR;
				CLANG_WARN_SUSPICIOUS_MOVES = YES;
				CLANG_WARN_UNREACHABLE_CODE = YES;
				CLANG_WARN__DUPLICATE_METHOD_MATCH = YES;
				"CODE_SIGN_IDENTITY[sdk=iphoneos*]" = "iPhone Developer";
				COPY_PHASE_STRIP = NO;
				DEBUG_INFORMATION_FORMAT = dwarf;
				ENABLE_STRICT_OBJC_MSGSEND = YES;
				ENABLE_TESTABILITY = YES;
				GCC_C_LANGUAGE_STANDARD = gnu99;
				GCC_DYNAMIC_NO_PIC = NO;
				GCC_NO_COMMON_BLOCKS = YES;
				GCC_OPTIMIZATION_LEVEL = 0;
				GCC_PREPROCESSOR_DEFINITIONS = (
					"DEBUG=1",
					"$(inherited)",
				);
				GCC_WARN_64_TO_32_BIT_CONVERSION = YES;
				GCC_WARN_ABOUT_RETURN_TYPE = YES_ERROR;
				GCC_WARN_UNDECLARED_SELECTOR = YES;
				GCC_WARN_UNINITIALIZED_AUTOS = YES_AGGRESSIVE;
				GCC_WARN_UNUSED_FUNCTION = YES;
				GCC_WARN_UNUSED_VARIABLE = YES;
				IPHONEOS_DEPLOYMENT_TARGET = 10.1;
				MTL_ENABLE_DEBUG_INFO = YES;
				ONLY_ACTIVE_ARCH = YES;
				SDKROOT = iphoneos;
				TARGETED_DEVICE_FAMILY = "1,2";
			};
			name = Debug;
		};
		397D20221ECD9C8000920A72 /* Release */ = {
			isa = XCBuildConfiguration;
			buildSettings = {
				ALWAYS_SEARCH_USER_PATHS = NO;
				CLANG_ANALYZER_LOCALIZABILITY_NONLOCALIZED = YES;
				CLANG_ANALYZER_NONNULL = YES;
				CLANG_CXX_LANGUAGE_STANDARD = "gnu++0x";
				CLANG_CXX_LIBRARY = "libc++";
				CLANG_ENABLE_MODULES = YES;
				CLANG_ENABLE_OBJC_ARC = YES;
				CLANG_WARN_BOOL_CONVERSION = YES;
				CLANG_WARN_CONSTANT_CONVERSION = YES;
				CLANG_WARN_DIRECT_OBJC_ISA_USAGE = YES_ERROR;
				CLANG_WARN_DOCUMENTATION_COMMENTS = YES;
				CLANG_WARN_EMPTY_BODY = YES;
				CLANG_WARN_ENUM_CONVERSION = YES;
				CLANG_WARN_INFINITE_RECURSION = YES;
				CLANG_WARN_INT_CONVERSION = YES;
				CLANG_WARN_OBJC_ROOT_CLASS = YES_ERROR;
				CLANG_WARN_SUSPICIOUS_MOVES = YES;
				CLANG_WARN_UNREACHABLE_CODE = YES;
				CLANG_WARN__DUPLICATE_METHOD_MATCH = YES;
				"CODE_SIGN_IDENTITY[sdk=iphoneos*]" = "iPhone Developer";
				COPY_PHASE_STRIP = NO;
				DEBUG_INFORMATION_FORMAT = "dwarf-with-dsym";
				ENABLE_NS_ASSERTIONS = NO;
				ENABLE_STRICT_OBJC_MSGSEND = YES;
				GCC_C_LANGUAGE_STANDARD = gnu99;
				GCC_NO_COMMON_BLOCKS = YES;
				GCC_WARN_64_TO_32_BIT_CONVERSION = YES;
				GCC_WARN_ABOUT_RETURN_TYPE = YES_ERROR;
				GCC_WARN_UNDECLARED_SELECTOR = YES;
				GCC_WARN_UNINITIALIZED_AUTOS = YES_AGGRESSIVE;
				GCC_WARN_UNUSED_FUNCTION = YES;
				GCC_WARN_UNUSED_VARIABLE = YES;
				IPHONEOS_DEPLOYMENT_TARGET = 10.1;
				MTL_ENABLE_DEBUG_INFO = NO;
				SDKROOT = iphoneos;
				TARGETED_DEVICE_FAMILY = "1,2";
				VALIDATE_PRODUCT = YES;
			};
			name = Release;
		};
		397D20241ECD9C8000920A72 /* Debug */ = {
			isa = XCBuildConfiguration;
			baseConfigurationReference = FBD1A09355094611714B86C9 /* Pods-YS_LightBlue.debug.xcconfig */;
			buildSettings = {
				ASSETCATALOG_COMPILER_APPICON_NAME = AppIcon;
				App_Display_Name = "开发";
				DEVELOPMENT_TEAM = MNH692X4AB;
				GCC_INCREASE_PRECOMPILED_HEADER_SHARING = NO;
				GCC_PRECOMPILE_PREFIX_HEADER = YES;
				GCC_PREFIX_HEADER = "$(SRCROOT)/YS_LightBlue/YS_Common/YS_SupportFile/YS_LightBluePCH.pch";
				INFOPLIST_FILE = YS_LightBlue/Info.plist;
				IPHONEOS_DEPLOYMENT_TARGET = 8.0;
				LD_RUNPATH_SEARCH_PATHS = "$(inherited) @executable_path/Frameworks";
				PRODUCT_BUNDLE_IDENTIFIER = "com.yjyuanshuai.YS-LightBlue";
				PRODUCT_NAME = "$(TARGET_NAME)";
			};
			name = Debug;
		};
		397D20251ECD9C8000920A72 /* Release */ = {
			isa = XCBuildConfiguration;
			baseConfigurationReference = 054C1826680BCC1F17BEBAA4 /* Pods-YS_LightBlue.release.xcconfig */;
			buildSettings = {
				ASSETCATALOG_COMPILER_APPICON_NAME = AppIcon;
				App_Display_Name = "正式";
				DEVELOPMENT_TEAM = MNH692X4AB;
				GCC_INCREASE_PRECOMPILED_HEADER_SHARING = NO;
				GCC_PRECOMPILE_PREFIX_HEADER = YES;
				GCC_PREFIX_HEADER = "$(SRCROOT)/YS_LightBlue/YS_Common/YS_SupportFile/YS_LightBluePCH.pch";
				INFOPLIST_FILE = YS_LightBlue/Info.plist;
				IPHONEOS_DEPLOYMENT_TARGET = 8.0;
				LD_RUNPATH_SEARCH_PATHS = "$(inherited) @executable_path/Frameworks";
				PRODUCT_BUNDLE_IDENTIFIER = "com.yjyuanshuai.YS-LightBlue";
				PRODUCT_NAME = "$(TARGET_NAME)";
			};
			name = Release;
		};
/* End XCBuildConfiguration section */

/* Begin XCConfigurationList section */
		397D20071ECD9C8000920A72 /* Build configuration list for PBXProject "YS_LightBlue" */ = {
			isa = XCConfigurationList;
			buildConfigurations = (
				397D20211ECD9C8000920A72 /* Debug */,
				397D20221ECD9C8000920A72 /* Release */,
			);
			defaultConfigurationIsVisible = 0;
			defaultConfigurationName = Release;
		};
		397D20231ECD9C8000920A72 /* Build configuration list for PBXNativeTarget "YS_LightBlue" */ = {
			isa = XCConfigurationList;
			buildConfigurations = (
				397D20241ECD9C8000920A72 /* Debug */,
				397D20251ECD9C8000920A72 /* Release */,
			);
			defaultConfigurationIsVisible = 0;
			defaultConfigurationName = Release;
		};
/* End XCConfigurationList section */
	};
	rootObject = 397D20041ECD9C8000920A72 /* Project object */;
}
