// !$*UTF8*$!
{
	archiveVersion = 1;
	classes = {
	};
	objectVersion = 46;
	objects = {

/* Begin PBXBuildFile section */
		3959618E1F628076003B39A3 /* main.m in Sources */ = {isa = PBXBuildFile; fileRef = 3959618D1F628076003B39A3 /* main.m */; };
		395961911F628076003B39A3 /* AppDelegate.m in Sources */ = {isa = PBXBuildFile; fileRef = 395961901F628076003B39A3 /* AppDelegate.m */; };
		395961941F628076003B39A3 /* ViewController.m in Sources */ = {isa = PBXBuildFile; fileRef = 395961931F628076003B39A3 /* ViewController.m */; };
		395961971F628076003B39A3 /* Main.storyboard in Resources */ = {isa = PBXBuildFile; fileRef = 395961951F628076003B39A3 /* Main.storyboard */; };
		395961991F628076003B39A3 /* Assets.xcassets in Resources */ = {isa = PBXBuildFile; fileRef = 395961981F628076003B39A3 /* Assets.xcassets */; };
		3959619C1F628076003B39A3 /* LaunchScreen.storyboard in Resources */ = {isa = PBXBuildFile; fileRef = 3959619A1F628076003B39A3 /* LaunchScreen.storyboard */; };
/* End PBXBuildFile section */

/* Begin PBXFileReference section */
		395961891F628076003B39A3 /* YS_URLScheme_Tmp.app */ = {isa = PBXFileReference; explicitFileType = wrapper.application; includeInIndex = 0; path = YS_URLScheme_Tmp.app; sourceTree = BUILT_PRODUCTS_DIR; };
		3959618D1F628076003B39A3 /* main.m */ = {isa = PBXFileReference; lastKnownFileType = sourcecode.c.objc; path = main.m; sourceTree = "<group>"; };
		3959618F1F628076003B39A3 /* AppDelegate.h */ = {isa = PBXFileReference; lastKnownFileType = sourcecode.c.h; path = AppDelegate.h; sourceTree = "<group>"; };
		395961901F628076003B39A3 /* AppDelegate.m */ = {isa = PBXFileReference; lastKnownFileType = sourcecode.c.objc; path = AppDelegate.m; sourceTree = "<group>"; };
		395961921F628076003B39A3 /* ViewController.h */ = {isa = PBXFileReference; lastKnownFileType = sourcecode.c.h; path = ViewController.h; sourceTree = "<group>"; };
		395961931F628076003B39A3 /* ViewController.m */ = {isa = PBXFileReference; lastKnownFileType = sourcecode.c.objc; path = ViewController.m; sourceTree = "<group>"; };
		395961961F628076003B39A3 /* Base */ = {isa = PBXFileReference; lastKnownFileType = file.storyboard; name = Base; path = Base.lproj/Main.storyboard; sourceTree = "<group>"; };
		395961981F628076003B39A3 /* Assets.xcassets */ = {isa = PBXFileReference; lastKnownFileType = folder.assetcatalog; path = Assets.xcassets; sourceTree = "<group>"; };
		3959619B1F628076003B39A3 /* Base */ = {isa = PBXFileReference; lastKnownFileType = file.storyboard; name = Base; path = Base.lproj/LaunchScreen.storyboard; sourceTree = "<group>"; };
		3959619D1F628076003B39A3 /* Info.plist */ = {isa = PBXFileReference; lastKnownFileType = text.plist.xml; path = Info.plist; sourceTree = "<group>"; };
/* End PBXFileReference section */

/* Begin PBXFrameworksBuildPhase section */
		395961861F628076003B39A3 /* Frameworks */ = {
			isa = PBXFrameworksBuildPhase;
			buildActionMask = 2147483647;
			files = (
			);
			runOnlyForDeploymentPostprocessing = 0;
		};
/* End PBXFrameworksBuildPhase section */

/* Begin PBXGroup section */
		395961801F628076003B39A3 = {
			isa = PBXGroup;
			children = (
				3959618B1F628076003B39A3 /* YS_URLScheme_Tmp */,
				3959618A1F628076003B39A3 /* Products */,
			);
			sourceTree = "<group>";
		};
		3959618A1F628076003B39A3 /* Products */ = {
			isa = PBXGroup;
			children = (
				395961891F628076003B39A3 /* YS_URLScheme_Tmp.app */,
			);
			name = Products;
			sourceTree = "<group>";
		};
		3959618B1F628076003B39A3 /* YS_URLScheme_Tmp */ = {
			isa = PBXGroup;
			children = (
				3959618F1F628076003B39A3 /* AppDelegate.h */,
				395961901F628076003B39A3 /* AppDelegate.m */,
				395961921F628076003B39A3 /* ViewController.h */,
				395961931F628076003B39A3 /* ViewController.m */,
				395961951F628076003B39A3 /* Main.storyboard */,
				395961981F628076003B39A3 /* Assets.xcassets */,
				3959619A1F628076003B39A3 /* LaunchScreen.storyboard */,
				3959619D1F628076003B39A3 /* Info.plist */,
				3959618C1F628076003B39A3 /* Supporting Files */,
			);
			path = YS_URLScheme_Tmp;
			sourceTree = "<group>";
		};
		3959618C1F628076003B39A3 /* Supporting Files */ = {
			isa = PBXGroup;
			children = (
				3959618D1F628076003B39A3 /* main.m */,
			);
			name = "Supporting Files";
			sourceTree = "<group>";
		};
/* End PBXGroup section */

/* Begin PBXNativeTarget section */
		395961881F628076003B39A3 /* YS_URLScheme_Tmp */ = {
			isa = PBXNativeTarget;
			buildConfigurationList = 395961A01F628076003B39A3 /* Build configuration list for PBXNativeTarget "YS_URLScheme_Tmp" */;
			buildPhases = (
				395961851F628076003B39A3 /* Sources */,
				395961861F628076003B39A3 /* Frameworks */,
				395961871F628076003B39A3 /* Resources */,
			);
			buildRules = (
			);
			dependencies = (
			);
			name = YS_URLScheme_Tmp;
			productName = YS_URLScheme_Tmp;
			productReference = 395961891F628076003B39A3 /* YS_URLScheme_Tmp.app */;
			productType = "com.apple.product-type.application";
		};
/* End PBXNativeTarget section */

/* Begin PBXProject section */
		395961811F628076003B39A3 /* Project object */ = {
			isa = PBXProject;
			attributes = {
				LastUpgradeCheck = 0830;
				ORGANIZATIONNAME = YJ;
				TargetAttributes = {
					395961881F628076003B39A3 = {
						CreatedOnToolsVersion = 8.3.3;
						DevelopmentTeam = MNH692X4AB;
						ProvisioningStyle = Automatic;
					};
				};
			};
			buildConfigurationList = 395961841F628076003B39A3 /* Build configuration list for PBXProject "YS_URLScheme_Tmp" */;
			compatibilityVersion = "Xcode 3.2";
			developmentRegion = English;
			hasScannedForEncodings = 0;
			knownRegions = (
				en,
				Base,
			);
			mainGroup = 395961801F628076003B39A3;
			productRefGroup = 3959618A1F628076003B39A3 /* Products */;
			projectDirPath = "";
			projectRoot = "";
			targets = (
				395961881F628076003B39A3 /* YS_URLScheme_Tmp */,
			);
		};
/* End PBXProject section */

/* Begin PBXResourcesBuildPhase section */
		395961871F628076003B39A3 /* Resources */ = {
			isa = PBXResourcesBuildPhase;
			buildActionMask = 2147483647;
			files = (
				3959619C1F628076003B39A3 /* LaunchScreen.storyboard in Resources */,
				395961991F628076003B39A3 /* Assets.xcassets in Resources */,
				395961971F628076003B39A3 /* Main.storyboard in Resources */,
			);
			runOnlyForDeploymentPostprocessing = 0;
		};
/* End PBXResourcesBuildPhase section */

/* Begin PBXSourcesBuildPhase section */
		395961851F628076003B39A3 /* Sources */ = {
			isa = PBXSourcesBuildPhase;
			buildActionMask = 2147483647;
			files = (
				395961941F628076003B39A3 /* ViewController.m in Sources */,
				395961911F628076003B39A3 /* AppDelegate.m in Sources */,
				3959618E1F628076003B39A3 /* main.m in Sources */,
			);
			runOnlyForDeploymentPostprocessing = 0;
		};
/* End PBXSourcesBuildPhase section */

/* Begin PBXVariantGroup section */
		395961951F628076003B39A3 /* Main.storyboard */ = {
			isa = PBXVariantGroup;
			children = (
				395961961F628076003B39A3 /* Base */,
			);
			name = Main.storyboard;
			sourceTree = "<group>";
		};
		3959619A1F628076003B39A3 /* LaunchScreen.storyboard */ = {
			isa = PBXVariantGroup;
			children = (
				3959619B1F628076003B39A3 /* Base */,
			);
			name = LaunchScreen.storyboard;
			sourceTree = "<group>";
		};
/* End PBXVariantGroup section */

/* Begin XCBuildConfiguration section */
		3959619E1F628076003B39A3 /* Debug */ = {
			isa = XCBuildConfiguration;
			buildSettings = {
				ALWAYS_SEARCH_USER_PATHS = NO;
				CLANG_ANALYZER_NONNULL = YES;
				CLANG_ANALYZER_NUMBER_OBJECT_CONVERSION = YES_AGGRESSIVE;
				CLANG_CXX_LANGUAGE_STANDARD = "gnu++0x";
				CLANG_CXX_LIBRARY = "libc++";
				CLANG_ENABLE_MODULES = YES;
				CLANG_ENABLE_OBJC_ARC = YES;
				CLANG_WARN_BOOL_CONVERSION = YES;
				CLANG_WARN_CONSTANT_CONVERSION = YES;
				CLANG_WARN_DIRECT_OBJC_ISA_USAGE = YES_ERROR;
				CLANG_WARN_DOCUMENTATION_COMMENTS = YES;
				CLANG_WARN_EMPTY_BODY = YES;
				CLANG_WARN_ENUM_CONVERSION = YES;
				CLANG_WARN_INFINITE_RECURSION = YES;
				CLANG_WARN_INT_CONVERSION = YES;
				CLANG_WARN_OBJC_ROOT_CLASS = YES_ERROR;
				CLANG_WARN_SUSPICIOUS_MOVE = YES;
				CLANG_WARN_UNREACHABLE_CODE = YES;
				CLANG_WARN__DUPLICATE_METHOD_MATCH = YES;
				"CODE_SIGN_IDENTITY[sdk=iphoneos*]" = "iPhone Developer";
				COPY_PHASE_STRIP = NO;
				DEBUG_INFORMATION_FORMAT = dwarf;
				ENABLE_STRICT_OBJC_MSGSEND = YES;
				ENABLE_TESTABILITY = YES;
				GCC_C_LANGUAGE_STANDARD = gnu99;
				GCC_DYNAMIC_NO_PIC = NO;
				GCC_NO_COMMON_BLOCKS = YES;
				GCC_OPTIMIZATION_LEVEL = 0;
				GCC_PREPROCESSOR_DEFINITIONS = (
					"DEBUG=1",
					"$(inherited)",
				);
				GCC_WARN_64_TO_32_BIT_CONVERSION = YES;
				GCC_WARN_ABOUT_RETURN_TYPE = YES_ERROR;
				GCC_WARN_UNDECLARED_SELECTOR = YES;
				GCC_WARN_UNINITIALIZED_AUTOS = YES_AGGRESSIVE;
				GCC_WARN_UNUSED_FUNCTION = YES;
				GCC_WARN_UNUSED_VARIABLE = YES;
				IPHONEOS_DEPLOYMENT_TARGET = 10.3;
				MTL_ENABLE_DEBUG_INFO = YES;
				ONLY_ACTIVE_ARCH = YES;
				SDKROOT = iphoneos;
				TARGETED_DEVICE_FAMILY = "1,2";
			};
			name = Debug;
		};
		3959619F1F628076003B39A3 /* Release */ = {
			isa = XCBuildConfiguration;
			buildSettings = {
				ALWAYS_SEARCH_USER_PATHS = NO;
				CLANG_ANALYZER_NONNULL = YES;
				CLANG_ANALYZER_NUMBER_OBJECT_CONVERSION = YES_AGGRESSIVE;
				CLANG_CXX_LANGUAGE_STANDARD = "gnu++0x";
				CLANG_CXX_LIBRARY = "libc++";
				CLANG_ENABLE_MODULES = YES;
				CLANG_ENABLE_OBJC_ARC = YES;
				CLANG_WARN_BOOL_CONVERSION = YES;
				CLANG_WARN_CONSTANT_CONVERSION = YES;
				CLANG_WARN_DIRECT_OBJC_ISA_USAGE = YES_ERROR;
				CLANG_WARN_DOCUMENTATION_COMMENTS = YES;
				CLANG_WARN_EMPTY_BODY = YES;
				CLANG_WARN_ENUM_CONVERSION = YES;
				CLANG_WARN_INFINITE_RECURSION = YES;
				CLANG_WARN_INT_CONVERSION = YES;
				CLANG_WARN_OBJC_ROOT_CLASS = YES_ERROR;
				CLANG_WARN_SUSPICIOUS_MOVE = YES;
				CLANG_WARN_UNREACHABLE_CODE = YES;
				CLANG_WARN__DUPLICATE_METHOD_MATCH = YES;
				"CODE_SIGN_IDENTITY[sdk=iphoneos*]" = "iPhone Developer";
				COPY_PHASE_STRIP = NO;
				DEBUG_INFORMATION_FORMAT = "dwarf-with-dsym";
				ENABLE_NS_ASSERTIONS = NO;
				ENABLE_STRICT_OBJC_MSGSEND = YES;
				GCC_C_LANGUAGE_STANDARD = gnu99;
				GCC_NO_COMMON_BLOCKS = YES;
				GCC_WARN_64_TO_32_BIT_CONVERSION = YES;
				GCC_WARN_ABOUT_RETURN_TYPE = YES_ERROR;
				GCC_WARN_UNDECLARED_SELECTOR = YES;
				GCC_WARN_UNINITIALIZED_AUTOS = YES_AGGRESSIVE;
				GCC_WARN_UNUSED_FUNCTION = YES;
				GCC_WARN_UNUSED_VARIABLE = YES;
				IPHONEOS_DEPLOYMENT_TARGET = 10.3;
				MTL_ENABLE_DEBUG_INFO = NO;
				SDKROOT = iphoneos;
				TARGETED_DEVICE_FAMILY = "1,2";
				VALIDATE_PRODUCT = YES;
			};
			name = Release;
		};
		395961A11F628076003B39A3 /* Debug */ = {
			isa = XCBuildConfiguration;
			buildSettings = {
				ASSETCATALOG_COMPILER_APPICON_NAME = AppIcon;
				DEVELOPMENT_TEAM = MNH692X4AB;
				INFOPLIST_FILE = YS_URLScheme_Tmp/Info.plist;
				IPHONEOS_DEPLOYMENT_TARGET = 8.0;
				LD_RUNPATH_SEARCH_PATHS = "$(inherited) @executable_path/Frameworks";
				PRODUCT_BUNDLE_IDENTIFIER = com.yjyuanshuai.YSURLSchemeTmp;
				PRODUCT_NAME = "$(TARGET_NAME)";
			};
			name = Debug;
		};
		395961A21F628076003B39A3 /* Release */ = {
			isa = XCBuildConfiguration;
			buildSettings = {
				ASSETCATALOG_COMPILER_APPICON_NAME = AppIcon;
				DEVELOPMENT_TEAM = MNH692X4AB;
				INFOPLIST_FILE = YS_URLScheme_Tmp/Info.plist;
				IPHONEOS_DEPLOYMENT_TARGET = 8.0;
				LD_RUNPATH_SEARCH_PATHS = "$(inherited) @executable_path/Frameworks";
				PRODUCT_BUNDLE_IDENTIFIER = com.yjyuanshuai.YSURLSchemeTmp;
				PRODUCT_NAME = "$(TARGET_NAME)";
			};
			name = Release;
		};
/* End XCBuildConfiguration section */

/* Begin XCConfigurationList section */
		395961841F628076003B39A3 /* Build configuration list for PBXProject "YS_URLScheme_Tmp" */ = {
			isa = XCConfigurationList;
			buildConfigurations = (
				3959619E1F628076003B39A3 /* Debug */,
				3959619F1F628076003B39A3 /* Release */,
			);
			defaultConfigurationIsVisible = 0;
			defaultConfigurationName = Release;
		};
		395961A01F628076003B39A3 /* Build configuration list for PBXNativeTarget "YS_URLScheme_Tmp" */ = {
			isa = XCConfigurationList;
			buildConfigurations = (
				395961A11F628076003B39A3 /* Debug */,
				395961A21F628076003B39A3 /* Release */,
			);
			defaultConfigurationIsVisible = 0;
			defaultConfigurationName = Release;
		};
/* End XCConfigurationList section */
	};
	rootObject = 395961811F628076003B39A3 /* Project object */;
}
